
Microsoft Visual Studio Solution File, Format Version 12.00
# Visual Studio Version 16
VisualStudioVersion = 16.0.30309.148
MinimumVisualStudioVersion = 10.0.40219.1
Project("{9A19103F-16F7-4668-BE54-9A1E7A4F7556}") = "FirstTgBot", "FirstTgBot\FirstTgBot.csproj", "{EF7CD93D-6B3D-4F83-A057-4FC0924DFA80}"
EndProject
Project("{FAE04EC0-301F-11D3-BF4B-00C04F79EFBC}") = "SupportBot", "SupportBot\SupportBot.csproj", "{15CB62CA-5ED5-4989-9BDD-74630DBD7A3E}"
EndProject
Global
	GlobalSection(SolutionConfigurationPlatforms) = preSolution
		Debug|Any CPU = Debug|Any CPU
		Release|Any CPU = Release|Any CPU
	EndGlobalSection
	GlobalSection(ProjectConfigurationPlatforms) = postSolution
		{EF7CD93D-6B3D-4F83-A057-4FC0924DFA80}.Debug|Any CPU.ActiveCfg = Debug|Any CPU
		{EF7CD93D-6B3D-4F83-A057-4FC0924DFA80}.Debug|Any CPU.Build.0 = Debug|Any CPU
		{EF7CD93D-6B3D-4F83-A057-4FC0924DFA80}.Release|Any CPU.ActiveCfg = Release|Any CPU
		{EF7CD93D-6B3D-4F83-A057-4FC0924DFA80}.Release|Any CPU.Build.0 = Release|Any CPU
		{15CB62CA-5ED5-4989-9BDD-74630DBD7A3E}.Debug|Any CPU.ActiveCfg = Debug|Any CPU
		{15CB62CA-5ED5-4989-9BDD-74630DBD7A3E}.Debug|Any CPU.Build.0 = Debug|Any CPU
		{15CB62CA-5ED5-4989-9BDD-74630DBD7A3E}.Release|Any CPU.ActiveCfg = Release|Any CPU
		{15CB62CA-5ED5-4989-9BDD-74630DBD7A3E}.Release|Any CPU.Build.0 = Release|Any CPU
	EndGlobalSection
	GlobalSection(SolutionProperties) = preSolution
		HideSolutionNode = FALSE
	EndGlobalSection
	GlobalSection(ExtensibilityGlobals) = postSolution
		SolutionGuid = {6CBB3968-22F1-47E1-989B-47BA593E62B0}
	EndGlobalSection
EndGlobal
